// !$*UTF8*$!
{
	archiveVersion = 1;
	classes = {
	};
	objectVersion = 55;
	objects = {

/* Begin PBXBuildFile section */
		53315CB42829C5DE006A58B1 /* AppDelegate.swift in Sources */ = {isa = PBXBuildFile; fileRef = 53315CB32829C5DE006A58B1 /* AppDelegate.swift */; };
		53315CB62829C5DE006A58B1 /* SceneDelegate.swift in Sources */ = {isa = PBXBuildFile; fileRef = 53315CB52829C5DE006A58B1 /* SceneDelegate.swift */; };
		53315CB82829C5DE006A58B1 /* HomeViewController.swift in Sources */ = {isa = PBXBuildFile; fileRef = 53315CB72829C5DE006A58B1 /* HomeViewController.swift */; };
		53315CBD2829C5E0006A58B1 /* Assets.xcassets in Resources */ = {isa = PBXBuildFile; fileRef = 53315CBC2829C5E0006A58B1 /* Assets.xcassets */; };
		53315CC02829C5E0006A58B1 /* LaunchScreen.storyboard in Resources */ = {isa = PBXBuildFile; fileRef = 53315CBE2829C5E0006A58B1 /* LaunchScreen.storyboard */; };
		538BBE1F282B2EF7003E0069 /* AuthResponse.swift in Sources */ = {isa = PBXBuildFile; fileRef = 538BBE1E282B2EF7003E0069 /* AuthResponse.swift */; };
		53BFDB552829CAB200234203 /* TabBarViewController.swift in Sources */ = {isa = PBXBuildFile; fileRef = 53BFDB542829CAB200234203 /* TabBarViewController.swift */; };
		53BFDB572829CAC200234203 /* SearchViewController.swift in Sources */ = {isa = PBXBuildFile; fileRef = 53BFDB562829CAC200234203 /* SearchViewController.swift */; };
		53BFDB592829CACD00234203 /* LibraryViewController.swift in Sources */ = {isa = PBXBuildFile; fileRef = 53BFDB582829CACD00234203 /* LibraryViewController.swift */; };
		53BFDB5D2829CB1100234203 /* AuthViewController.swift in Sources */ = {isa = PBXBuildFile; fileRef = 53BFDB5C2829CB1100234203 /* AuthViewController.swift */; };
		53BFDB5F2829CB1900234203 /* WelcomeViewController.swift in Sources */ = {isa = PBXBuildFile; fileRef = 53BFDB5E2829CB1900234203 /* WelcomeViewController.swift */; };
		53BFDB612829CB3000234203 /* SettingsViewController.swift in Sources */ = {isa = PBXBuildFile; fileRef = 53BFDB602829CB3000234203 /* SettingsViewController.swift */; };
		53BFDB632829CB3A00234203 /* ProfileViewController.swift in Sources */ = {isa = PBXBuildFile; fileRef = 53BFDB622829CB3A00234203 /* ProfileViewController.swift */; };
		53BFDB652829CB4600234203 /* PlayerViewController.swift in Sources */ = {isa = PBXBuildFile; fileRef = 53BFDB642829CB4600234203 /* PlayerViewController.swift */; };
		53BFDB672829CB5100234203 /* PlayListViewController.swift in Sources */ = {isa = PBXBuildFile; fileRef = 53BFDB662829CB5100234203 /* PlayListViewController.swift */; };
		53BFDB692829CB6700234203 /* SearchResultsViewController.swift in Sources */ = {isa = PBXBuildFile; fileRef = 53BFDB682829CB6700234203 /* SearchResultsViewController.swift */; };
		53BFDB6B2829CB8800234203 /* AuthManager.swift in Sources */ = {isa = PBXBuildFile; fileRef = 53BFDB6A2829CB8800234203 /* AuthManager.swift */; };
		53BFDB6D2829CBA300234203 /* APICaller.swift in Sources */ = {isa = PBXBuildFile; fileRef = 53BFDB6C2829CBA300234203 /* APICaller.swift */; };
		53BFDB6F2829CBC800234203 /* HapticsManager.swift in Sources */ = {isa = PBXBuildFile; fileRef = 53BFDB6E2829CBC800234203 /* HapticsManager.swift */; };
		53BFDB712829CBE600234203 /* PlayList.swift in Sources */ = {isa = PBXBuildFile; fileRef = 53BFDB702829CBE600234203 /* PlayList.swift */; };
		53BFDB732829CBF500234203 /* AudioTrack.swift in Sources */ = {isa = PBXBuildFile; fileRef = 53BFDB722829CBF500234203 /* AudioTrack.swift */; };
		53BFDB752829CC0F00234203 /* Artist.swift in Sources */ = {isa = PBXBuildFile; fileRef = 53BFDB742829CC0F00234203 /* Artist.swift */; };
		53BFDB772829CC2100234203 /* UserProfile.swift in Sources */ = {isa = PBXBuildFile; fileRef = 53BFDB762829CC2100234203 /* UserProfile.swift */; };
		53BFDB7A2829E7B400234203 /* Extensions.swift in Sources */ = {isa = PBXBuildFile; fileRef = 53BFDB792829E7B400234203 /* Extensions.swift */; };
		53D01BEE282C786C0027F875 /* APIImage.swift in Sources */ = {isa = PBXBuildFile; fileRef = 53D01BED282C786C0027F875 /* APIImage.swift */; };
		53D01BF1282C80F90027F875 /* SettingModel.swift in Sources */ = {isa = PBXBuildFile; fileRef = 53D01BF0282C80F90027F875 /* SettingModel.swift */; };
		EBAAD9167A35FCE1BEDC373A /* Pods_Spotify.framework in Frameworks */ = {isa = PBXBuildFile; fileRef = C9BF76865A3D43735428D454 /* Pods_Spotify.framework */; };
/* End PBXBuildFile section */

/* Begin PBXFileReference section */
		53315CB02829C5DE006A58B1 /* Spotify.app */ = {isa = PBXFileReference; explicitFileType = wrapper.application; includeInIndex = 0; path = Spotify.app; sourceTree = BUILT_PRODUCTS_DIR; };
		53315CB32829C5DE006A58B1 /* AppDelegate.swift */ = {isa = PBXFileReference; lastKnownFileType = sourcecode.swift; path = AppDelegate.swift; sourceTree = "<group>"; };
		53315CB52829C5DE006A58B1 /* SceneDelegate.swift */ = {isa = PBXFileReference; lastKnownFileType = sourcecode.swift; path = SceneDelegate.swift; sourceTree = "<group>"; };
		53315CB72829C5DE006A58B1 /* HomeViewController.swift */ = {isa = PBXFileReference; lastKnownFileType = sourcecode.swift; path = HomeViewController.swift; sourceTree = "<group>"; };
		53315CBC2829C5E0006A58B1 /* Assets.xcassets */ = {isa = PBXFileReference; lastKnownFileType = folder.assetcatalog; path = Assets.xcassets; sourceTree = "<group>"; };
		53315CBF2829C5E0006A58B1 /* Base */ = {isa = PBXFileReference; lastKnownFileType = file.storyboard; name = Base; path = Base.lproj/LaunchScreen.storyboard; sourceTree = "<group>"; };
		53315CC12829C5E0006A58B1 /* Info.plist */ = {isa = PBXFileReference; lastKnownFileType = text.plist.xml; path = Info.plist; sourceTree = "<group>"; };
		538BBE1E282B2EF7003E0069 /* AuthResponse.swift */ = {isa = PBXFileReference; lastKnownFileType = sourcecode.swift; path = AuthResponse.swift; sourceTree = "<group>"; };
		53BFDB542829CAB200234203 /* TabBarViewController.swift */ = {isa = PBXFileReference; lastKnownFileType = sourcecode.swift; path = TabBarViewController.swift; sourceTree = "<group>"; };
		53BFDB562829CAC200234203 /* SearchViewController.swift */ = {isa = PBXFileReference; lastKnownFileType = sourcecode.swift; path = SearchViewController.swift; sourceTree = "<group>"; };
		53BFDB582829CACD00234203 /* LibraryViewController.swift */ = {isa = PBXFileReference; lastKnownFileType = sourcecode.swift; path = LibraryViewController.swift; sourceTree = "<group>"; };
		53BFDB5C2829CB1100234203 /* AuthViewController.swift */ = {isa = PBXFileReference; lastKnownFileType = sourcecode.swift; path = AuthViewController.swift; sourceTree = "<group>"; };
		53BFDB5E2829CB1900234203 /* WelcomeViewController.swift */ = {isa = PBXFileReference; lastKnownFileType = sourcecode.swift; path = WelcomeViewController.swift; sourceTree = "<group>"; };
		53BFDB602829CB3000234203 /* SettingsViewController.swift */ = {isa = PBXFileReference; lastKnownFileType = sourcecode.swift; path = SettingsViewController.swift; sourceTree = "<group>"; };
		53BFDB622829CB3A00234203 /* ProfileViewController.swift */ = {isa = PBXFileReference; lastKnownFileType = sourcecode.swift; path = ProfileViewController.swift; sourceTree = "<group>"; };
		53BFDB642829CB4600234203 /* PlayerViewController.swift */ = {isa = PBXFileReference; lastKnownFileType = sourcecode.swift; path = PlayerViewController.swift; sourceTree = "<group>"; };
		53BFDB662829CB5100234203 /* PlayListViewController.swift */ = {isa = PBXFileReference; lastKnownFileType = sourcecode.swift; path = PlayListViewController.swift; sourceTree = "<group>"; };
		53BFDB682829CB6700234203 /* SearchResultsViewController.swift */ = {isa = PBXFileReference; lastKnownFileType = sourcecode.swift; path = SearchResultsViewController.swift; sourceTree = "<group>"; };
		53BFDB6A2829CB8800234203 /* AuthManager.swift */ = {isa = PBXFileReference; lastKnownFileType = sourcecode.swift; path = AuthManager.swift; sourceTree = "<group>"; };
		53BFDB6C2829CBA300234203 /* APICaller.swift */ = {isa = PBXFileReference; lastKnownFileType = sourcecode.swift; path = APICaller.swift; sourceTree = "<group>"; };
		53BFDB6E2829CBC800234203 /* HapticsManager.swift */ = {isa = PBXFileReference; lastKnownFileType = sourcecode.swift; path = HapticsManager.swift; sourceTree = "<group>"; };
		53BFDB702829CBE600234203 /* PlayList.swift */ = {isa = PBXFileReference; lastKnownFileType = sourcecode.swift; path = PlayList.swift; sourceTree = "<group>"; };
		53BFDB722829CBF500234203 /* AudioTrack.swift */ = {isa = PBXFileReference; lastKnownFileType = sourcecode.swift; path = AudioTrack.swift; sourceTree = "<group>"; };
		53BFDB742829CC0F00234203 /* Artist.swift */ = {isa = PBXFileReference; lastKnownFileType = sourcecode.swift; path = Artist.swift; sourceTree = "<group>"; };
		53BFDB762829CC2100234203 /* UserProfile.swift */ = {isa = PBXFileReference; lastKnownFileType = sourcecode.swift; path = UserProfile.swift; sourceTree = "<group>"; };
		53BFDB792829E7B400234203 /* Extensions.swift */ = {isa = PBXFileReference; lastKnownFileType = sourcecode.swift; path = Extensions.swift; sourceTree = "<group>"; };
		53D01BED282C786C0027F875 /* APIImage.swift */ = {isa = PBXFileReference; lastKnownFileType = sourcecode.swift; path = APIImage.swift; sourceTree = "<group>"; };
		53D01BF0282C80F90027F875 /* SettingModel.swift */ = {isa = PBXFileReference; lastKnownFileType = sourcecode.swift; path = SettingModel.swift; sourceTree = "<group>"; };
		6F3DA6F48E78E5E8D3B94E50 /* Pods-Spotify.release.xcconfig */ = {isa = PBXFileReference; includeInIndex = 1; lastKnownFileType = text.xcconfig; name = "Pods-Spotify.release.xcconfig"; path = "Target Support Files/Pods-Spotify/Pods-Spotify.release.xcconfig"; sourceTree = "<group>"; };
		C9BF76865A3D43735428D454 /* Pods_Spotify.framework */ = {isa = PBXFileReference; explicitFileType = wrapper.framework; includeInIndex = 0; path = Pods_Spotify.framework; sourceTree = BUILT_PRODUCTS_DIR; };
		CC09C167A4563747F8A79107 /* Pods-Spotify.debug.xcconfig */ = {isa = PBXFileReference; includeInIndex = 1; lastKnownFileType = text.xcconfig; name = "Pods-Spotify.debug.xcconfig"; path = "Target Support Files/Pods-Spotify/Pods-Spotify.debug.xcconfig"; sourceTree = "<group>"; };
/* End PBXFileReference section */

/* Begin PBXFrameworksBuildPhase section */
		53315CAD2829C5DE006A58B1 /* Frameworks */ = {
			isa = PBXFrameworksBuildPhase;
			buildActionMask = 2147483647;
			files = (
				EBAAD9167A35FCE1BEDC373A /* Pods_Spotify.framework in Frameworks */,
			);
			runOnlyForDeploymentPostprocessing = 0;
		};
/* End PBXFrameworksBuildPhase section */

/* Begin PBXGroup section */
		53315CA72829C5DE006A58B1 = {
			isa = PBXGroup;
			children = (
				53315CB22829C5DE006A58B1 /* Spotify */,
				53315CB12829C5DE006A58B1 /* Products */,
				E3345B92F7B8F87AC5CBDE0B /* Pods */,
				7CF944833576EAEE1542F2DA /* Frameworks */,
			);
			sourceTree = "<group>";
		};
		53315CB12829C5DE006A58B1 /* Products */ = {
			isa = PBXGroup;
			children = (
				53315CB02829C5DE006A58B1 /* Spotify.app */,
			);
			name = Products;
			sourceTree = "<group>";
		};
		53315CB22829C5DE006A58B1 /* Spotify */ = {
			isa = PBXGroup;
			children = (
				53D212B22829C7BE00A39CF7 /* Resources */,
				53BFDB782829E7A700234203 /* Extensions */,
				53D212B32829C7C600A39CF7 /* Managers */,
				53D212B12829C7B900A39CF7 /* ViewModels */,
				53D212B02829C7B500A39CF7 /* Models */,
				53D212AF2829C7AF00A39CF7 /* Views */,
				53D212AE2829C7A900A39CF7 /* Controllers */,
				53315CC12829C5E0006A58B1 /* Info.plist */,
			);
			path = Spotify;
			sourceTree = "<group>";
		};
		53BFDB5A2829CADE00234203 /* Core */ = {
			isa = PBXGroup;
			children = (
				53BFDB542829CAB200234203 /* TabBarViewController.swift */,
				53315CB72829C5DE006A58B1 /* HomeViewController.swift */,
				53BFDB562829CAC200234203 /* SearchViewController.swift */,
				53BFDB582829CACD00234203 /* LibraryViewController.swift */,
			);
			path = Core;
			sourceTree = "<group>";
		};
		53BFDB5B2829CAE900234203 /* Others */ = {
			isa = PBXGroup;
			children = (
				53BFDB5E2829CB1900234203 /* WelcomeViewController.swift */,
				53BFDB5C2829CB1100234203 /* AuthViewController.swift */,
				53BFDB602829CB3000234203 /* SettingsViewController.swift */,
				53BFDB622829CB3A00234203 /* ProfileViewController.swift */,
				53BFDB642829CB4600234203 /* PlayerViewController.swift */,
				53BFDB662829CB5100234203 /* PlayListViewController.swift */,
				53BFDB682829CB6700234203 /* SearchResultsViewController.swift */,
			);
			path = Others;
			sourceTree = "<group>";
		};
		53BFDB782829E7A700234203 /* Extensions */ = {
			isa = PBXGroup;
			children = (
				53BFDB792829E7B400234203 /* Extensions.swift */,
			);
			path = Extensions;
			sourceTree = "<group>";
		};
		53D01BEF282C80E90027F875 /* OfflineModel */ = {
			isa = PBXGroup;
			children = (
				53D01BF0282C80F90027F875 /* SettingModel.swift */,
			);
			path = OfflineModel;
			sourceTree = "<group>";
		};
		53D212AE2829C7A900A39CF7 /* Controllers */ = {
			isa = PBXGroup;
			children = (
				53BFDB5B2829CAE900234203 /* Others */,
				53BFDB5A2829CADE00234203 /* Core */,
			);
			path = Controllers;
			sourceTree = "<group>";
		};
		53D212AF2829C7AF00A39CF7 /* Views */ = {
			isa = PBXGroup;
			children = (
				53315CBE2829C5E0006A58B1 /* LaunchScreen.storyboard */,
			);
			path = Views;
			sourceTree = "<group>";
		};
		53D212B02829C7B500A39CF7 /* Models */ = {
			isa = PBXGroup;
			children = (
				53D01BEF282C80E90027F875 /* OfflineModel */,
				53BFDB702829CBE600234203 /* PlayList.swift */,
				53BFDB722829CBF500234203 /* AudioTrack.swift */,
				53BFDB742829CC0F00234203 /* Artist.swift */,
				53BFDB762829CC2100234203 /* UserProfile.swift */,
				53D01BED282C786C0027F875 /* APIImage.swift */,
				538BBE1E282B2EF7003E0069 /* AuthResponse.swift */,
			);
			path = Models;
			sourceTree = "<group>";
		};
		53D212B12829C7B900A39CF7 /* ViewModels */ = {
			isa = PBXGroup;
			children = (
			);
			path = ViewModels;
			sourceTree = "<group>";
		};
		53D212B22829C7BE00A39CF7 /* Resources */ = {
			isa = PBXGroup;
			children = (
				53315CB32829C5DE006A58B1 /* AppDelegate.swift */,
				53315CB52829C5DE006A58B1 /* SceneDelegate.swift */,
				53315CBC2829C5E0006A58B1 /* Assets.xcassets */,
			);
			path = Resources;
			sourceTree = "<group>";
		};
		53D212B32829C7C600A39CF7 /* Managers */ = {
			isa = PBXGroup;
			children = (
				53BFDB6A2829CB8800234203 /* AuthManager.swift */,
				53BFDB6C2829CBA300234203 /* APICaller.swift */,
				53BFDB6E2829CBC800234203 /* HapticsManager.swift */,
			);
			path = Managers;
			sourceTree = "<group>";
		};
		7CF944833576EAEE1542F2DA /* Frameworks */ = {
			isa = PBXGroup;
			children = (
				C9BF76865A3D43735428D454 /* Pods_Spotify.framework */,
			);
			name = Frameworks;
			sourceTree = "<group>";
		};
		E3345B92F7B8F87AC5CBDE0B /* Pods */ = {
			isa = PBXGroup;
			children = (
				CC09C167A4563747F8A79107 /* Pods-Spotify.debug.xcconfig */,
				6F3DA6F48E78E5E8D3B94E50 /* Pods-Spotify.release.xcconfig */,
			);
			path = Pods;
			sourceTree = "<group>";
		};
/* End PBXGroup section */

/* Begin PBXNativeTarget section */
		53315CAF2829C5DE006A58B1 /* Spotify */ = {
			isa = PBXNativeTarget;
			buildConfigurationList = 53315CC42829C5E0006A58B1 /* Build configuration list for PBXNativeTarget "Spotify" */;
			buildPhases = (
				5DDE602320ED53F07CA4274F /* [CP] Check Pods Manifest.lock */,
				53315CAC2829C5DE006A58B1 /* Sources */,
				53315CAD2829C5DE006A58B1 /* Frameworks */,
				53315CAE2829C5DE006A58B1 /* Resources */,
				7471E86D83B7989404AF3259 /* [CP] Embed Pods Frameworks */,
			);
			buildRules = (
			);
			dependencies = (
			);
			name = Spotify;
			productName = Spotify;
			productReference = 53315CB02829C5DE006A58B1 /* Spotify.app */;
			productType = "com.apple.product-type.application";
		};
/* End PBXNativeTarget section */

/* Begin PBXProject section */
		53315CA82829C5DE006A58B1 /* Project object */ = {
			isa = PBXProject;
			attributes = {
				BuildIndependentTargetsInParallel = 1;
				LastSwiftUpdateCheck = 1330;
				LastUpgradeCheck = 1330;
				TargetAttributes = {
					53315CAF2829C5DE006A58B1 = {
						CreatedOnToolsVersion = 13.3;
					};
				};
			};
			buildConfigurationList = 53315CAB2829C5DE006A58B1 /* Build configuration list for PBXProject "Spotify" */;
			compatibilityVersion = "Xcode 13.0";
			developmentRegion = en;
			hasScannedForEncodings = 0;
			knownRegions = (
				en,
				Base,
			);
			mainGroup = 53315CA72829C5DE006A58B1;
			productRefGroup = 53315CB12829C5DE006A58B1 /* Products */;
			projectDirPath = "";
			projectRoot = "";
			targets = (
				53315CAF2829C5DE006A58B1 /* Spotify */,
			);
		};
/* End PBXProject section */

/* Begin PBXResourcesBuildPhase section */
		53315CAE2829C5DE006A58B1 /* Resources */ = {
			isa = PBXResourcesBuildPhase;
			buildActionMask = 2147483647;
			files = (
				53315CC02829C5E0006A58B1 /* LaunchScreen.storyboard in Resources */,
				53315CBD2829C5E0006A58B1 /* Assets.xcassets in Resources */,
			);
			runOnlyForDeploymentPostprocessing = 0;
		};
/* End PBXResourcesBuildPhase section */

/* Begin PBXShellScriptBuildPhase section */
		5DDE602320ED53F07CA4274F /* [CP] Check Pods Manifest.lock */ = {
			isa = PBXShellScriptBuildPhase;
			buildActionMask = 2147483647;
			files = (
			);
			inputFileListPaths = (
			);
			inputPaths = (
				"${PODS_PODFILE_DIR_PATH}/Podfile.lock",
				"${PODS_ROOT}/Manifest.lock",
			);
			name = "[CP] Check Pods Manifest.lock";
			outputFileListPaths = (
			);
			outputPaths = (
				"$(DERIVED_FILE_DIR)/Pods-Spotify-checkManifestLockResult.txt",
			);
			runOnlyForDeploymentPostprocessing = 0;
			shellPath = /bin/sh;
			shellScript = "diff \"${PODS_PODFILE_DIR_PATH}/Podfile.lock\" \"${PODS_ROOT}/Manifest.lock\" > /dev/null\nif [ $? != 0 ] ; then\n    # print error to STDERR\n    echo \"error: The sandbox is not in sync with the Podfile.lock. Run 'pod install' or update your CocoaPods installation.\" >&2\n    exit 1\nfi\n# This output is used by Xcode 'outputs' to avoid re-running this script phase.\necho \"SUCCESS\" > \"${SCRIPT_OUTPUT_FILE_0}\"\n";
			showEnvVarsInLog = 0;
		};
		7471E86D83B7989404AF3259 /* [CP] Embed Pods Frameworks */ = {
			isa = PBXShellScriptBuildPhase;
			buildActionMask = 2147483647;
			files = (
			);
			inputFileListPaths = (
				"${PODS_ROOT}/Target Support Files/Pods-Spotify/Pods-Spotify-frameworks-${CONFIGURATION}-input-files.xcfilelist",
			);
			name = "[CP] Embed Pods Frameworks";
			outputFileListPaths = (
				"${PODS_ROOT}/Target Support Files/Pods-Spotify/Pods-Spotify-frameworks-${CONFIGURATION}-output-files.xcfilelist",
			);
			runOnlyForDeploymentPostprocessing = 0;
			shellPath = /bin/sh;
			shellScript = "\"${PODS_ROOT}/Target Support Files/Pods-Spotify/Pods-Spotify-frameworks.sh\"\n";
			showEnvVarsInLog = 0;
		};
/* End PBXShellScriptBuildPhase section */

/* Begin PBXSourcesBuildPhase section */
		53315CAC2829C5DE006A58B1 /* Sources */ = {
			isa = PBXSourcesBuildPhase;
			buildActionMask = 2147483647;
			files = (
				53BFDB572829CAC200234203 /* SearchViewController.swift in Sources */,
				53D01BEE282C786C0027F875 /* APIImage.swift in Sources */,
				53BFDB6B2829CB8800234203 /* AuthManager.swift in Sources */,
				53BFDB692829CB6700234203 /* SearchResultsViewController.swift in Sources */,
				53BFDB5F2829CB1900234203 /* WelcomeViewController.swift in Sources */,
				53BFDB632829CB3A00234203 /* ProfileViewController.swift in Sources */,
				53BFDB552829CAB200234203 /* TabBarViewController.swift in Sources */,
				53BFDB6F2829CBC800234203 /* HapticsManager.swift in Sources */,
				53315CB82829C5DE006A58B1 /* HomeViewController.swift in Sources */,
				538BBE1F282B2EF7003E0069 /* AuthResponse.swift in Sources */,
				53BFDB732829CBF500234203 /* AudioTrack.swift in Sources */,
				53BFDB5D2829CB1100234203 /* AuthViewController.swift in Sources */,
				53BFDB712829CBE600234203 /* PlayList.swift in Sources */,
				53315CB42829C5DE006A58B1 /* AppDelegate.swift in Sources */,
				53BFDB772829CC2100234203 /* UserProfile.swift in Sources */,
				53BFDB7A2829E7B400234203 /* Extensions.swift in Sources */,
				53BFDB592829CACD00234203 /* LibraryViewController.swift in Sources */,
				53BFDB752829CC0F00234203 /* Artist.swift in Sources */,
				53BFDB672829CB5100234203 /* PlayListViewController.swift in Sources */,
				53315CB62829C5DE006A58B1 /* SceneDelegate.swift in Sources */,
				53D01BF1282C80F90027F875 /* SettingModel.swift in Sources */,
				53BFDB652829CB4600234203 /* PlayerViewController.swift in Sources */,
				53BFDB6D2829CBA300234203 /* APICaller.swift in Sources */,
				53BFDB612829CB3000234203 /* SettingsViewController.swift in Sources */,
			);
			runOnlyForDeploymentPostprocessing = 0;
		};
/* End PBXSourcesBuildPhase section */

/* Begin PBXVariantGroup section */
		53315CBE2829C5E0006A58B1 /* LaunchScreen.storyboard */ = {
			isa = PBXVariantGroup;
			children = (
				53315CBF2829C5E0006A58B1 /* Base */,
			);
			name = LaunchScreen.storyboard;
			sourceTree = "<group>";
		};
/* End PBXVariantGroup section */

/* Begin XCBuildConfiguration section */
		53315CC22829C5E0006A58B1 /* Debug */ = {
			isa = XCBuildConfiguration;
			buildSettings = {
				ALWAYS_SEARCH_USER_PATHS = NO;
				CLANG_ANALYZER_NONNULL = YES;
				CLANG_ANALYZER_NUMBER_OBJECT_CONVERSION = YES_AGGRESSIVE;
				CLANG_CXX_LANGUAGE_STANDARD = "gnu++17";
				CLANG_ENABLE_MODULES = YES;
				CLANG_ENABLE_OBJC_ARC = YES;
				CLANG_ENABLE_OBJC_WEAK = YES;
				CLANG_WARN_BLOCK_CAPTURE_AUTORELEASING = YES;
				CLANG_WARN_BOOL_CONVERSION = YES;
				CLANG_WARN_COMMA = YES;
				CLANG_WARN_CONSTANT_CONVERSION = YES;
				CLANG_WARN_DEPRECATED_OBJC_IMPLEMENTATIONS = YES;
				CLANG_WARN_DIRECT_OBJC_ISA_USAGE = YES_ERROR;
				CLANG_WARN_DOCUMENTATION_COMMENTS = YES;
				CLANG_WARN_EMPTY_BODY = YES;
				CLANG_WARN_ENUM_CONVERSION = YES;
				CLANG_WARN_INFINITE_RECURSION = YES;
				CLANG_WARN_INT_CONVERSION = YES;
				CLANG_WARN_NON_LITERAL_NULL_CONVERSION = YES;
				CLANG_WARN_OBJC_IMPLICIT_RETAIN_SELF = YES;
				CLANG_WARN_OBJC_LITERAL_CONVERSION = YES;
				CLANG_WARN_OBJC_ROOT_CLASS = YES_ERROR;
				CLANG_WARN_QUOTED_INCLUDE_IN_FRAMEWORK_HEADER = YES;
				CLANG_WARN_RANGE_LOOP_ANALYSIS = YES;
				CLANG_WARN_STRICT_PROTOTYPES = YES;
				CLANG_WARN_SUSPICIOUS_MOVE = YES;
				CLANG_WARN_UNGUARDED_AVAILABILITY = YES_AGGRESSIVE;
				CLANG_WARN_UNREACHABLE_CODE = YES;
				CLANG_WARN__DUPLICATE_METHOD_MATCH = YES;
				COPY_PHASE_STRIP = NO;
				DEBUG_INFORMATION_FORMAT = dwarf;
				ENABLE_STRICT_OBJC_MSGSEND = YES;
				ENABLE_TESTABILITY = YES;
				GCC_C_LANGUAGE_STANDARD = gnu11;
				GCC_DYNAMIC_NO_PIC = NO;
				GCC_NO_COMMON_BLOCKS = YES;
				GCC_OPTIMIZATION_LEVEL = 0;
				GCC_PREPROCESSOR_DEFINITIONS = (
					"DEBUG=1",
					"$(inherited)",
				);
				GCC_WARN_64_TO_32_BIT_CONVERSION = YES;
				GCC_WARN_ABOUT_RETURN_TYPE = YES_ERROR;
				GCC_WARN_UNDECLARED_SELECTOR = YES;
				GCC_WARN_UNINITIALIZED_AUTOS = YES_AGGRESSIVE;
				GCC_WARN_UNUSED_FUNCTION = YES;
				GCC_WARN_UNUSED_VARIABLE = YES;
				IPHONEOS_DEPLOYMENT_TARGET = 15.4;
				MTL_ENABLE_DEBUG_INFO = INCLUDE_SOURCE;
				MTL_FAST_MATH = YES;
				ONLY_ACTIVE_ARCH = YES;
				SDKROOT = iphoneos;
				SWIFT_ACTIVE_COMPILATION_CONDITIONS = DEBUG;
				SWIFT_OPTIMIZATION_LEVEL = "-Onone";
			};
			name = Debug;
		};
		53315CC32829C5E0006A58B1 /* Release */ = {
			isa = XCBuildConfiguration;
			buildSettings = {
				ALWAYS_SEARCH_USER_PATHS = NO;
				CLANG_ANALYZER_NONNULL = YES;
				CLANG_ANALYZER_NUMBER_OBJECT_CONVERSION = YES_AGGRESSIVE;
				CLANG_CXX_LANGUAGE_STANDARD = "gnu++17";
				CLANG_ENABLE_MODULES = YES;
				CLANG_ENABLE_OBJC_ARC = YES;
				CLANG_ENABLE_OBJC_WEAK = YES;
				CLANG_WARN_BLOCK_CAPTURE_AUTORELEASING = YES;
				CLANG_WARN_BOOL_CONVERSION = YES;
				CLANG_WARN_COMMA = YES;
				CLANG_WARN_CONSTANT_CONVERSION = YES;
				CLANG_WARN_DEPRECATED_OBJC_IMPLEMENTATIONS = YES;
				CLANG_WARN_DIRECT_OBJC_ISA_USAGE = YES_ERROR;
				CLANG_WARN_DOCUMENTATION_COMMENTS = YES;
				CLANG_WARN_EMPTY_BODY = YES;
				CLANG_WARN_ENUM_CONVERSION = YES;
				CLANG_WARN_INFINITE_RECURSION = YES;
				CLANG_WARN_INT_CONVERSION = YES;
				CLANG_WARN_NON_LITERAL_NULL_CONVERSION = YES;
				CLANG_WARN_OBJC_IMPLICIT_RETAIN_SELF = YES;
				CLANG_WARN_OBJC_LITERAL_CONVERSION = YES;
				CLANG_WARN_OBJC_ROOT_CLASS = YES_ERROR;
				CLANG_WARN_QUOTED_INCLUDE_IN_FRAMEWORK_HEADER = YES;
				CLANG_WARN_RANGE_LOOP_ANALYSIS = YES;
				CLANG_WARN_STRICT_PROTOTYPES = YES;
				CLANG_WARN_SUSPICIOUS_MOVE = YES;
				CLANG_WARN_UNGUARDED_AVAILABILITY = YES_AGGRESSIVE;
				CLANG_WARN_UNREACHABLE_CODE = YES;
				CLANG_WARN__DUPLICATE_METHOD_MATCH = YES;
				COPY_PHASE_STRIP = NO;
				DEBUG_INFORMATION_FORMAT = "dwarf-with-dsym";
				ENABLE_NS_ASSERTIONS = NO;
				ENABLE_STRICT_OBJC_MSGSEND = YES;
				GCC_C_LANGUAGE_STANDARD = gnu11;
				GCC_NO_COMMON_BLOCKS = YES;
				GCC_WARN_64_TO_32_BIT_CONVERSION = YES;
				GCC_WARN_ABOUT_RETURN_TYPE = YES_ERROR;
				GCC_WARN_UNDECLARED_SELECTOR = YES;
				GCC_WARN_UNINITIALIZED_AUTOS = YES_AGGRESSIVE;
				GCC_WARN_UNUSED_FUNCTION = YES;
				GCC_WARN_UNUSED_VARIABLE = YES;
				IPHONEOS_DEPLOYMENT_TARGET = 15.4;
				MTL_ENABLE_DEBUG_INFO = NO;
				MTL_FAST_MATH = YES;
				SDKROOT = iphoneos;
				SWIFT_COMPILATION_MODE = wholemodule;
				SWIFT_OPTIMIZATION_LEVEL = "-O";
				VALIDATE_PRODUCT = YES;
			};
			name = Release;
		};
		53315CC52829C5E0006A58B1 /* Debug */ = {
			isa = XCBuildConfiguration;
			baseConfigurationReference = CC09C167A4563747F8A79107 /* Pods-Spotify.debug.xcconfig */;
			buildSettings = {
				ASSETCATALOG_COMPILER_APPICON_NAME = AppIcon;
				ASSETCATALOG_COMPILER_GLOBAL_ACCENT_COLOR_NAME = AccentColor;
				CODE_SIGN_STYLE = Automatic;
				CURRENT_PROJECT_VERSION = 1;
				DEVELOPMENT_TEAM = CAZYY7RZVW;
				GENERATE_INFOPLIST_FILE = YES;
				INFOPLIST_FILE = Spotify/Info.plist;
				INFOPLIST_KEY_UIApplicationSupportsIndirectInputEvents = YES;
				INFOPLIST_KEY_UILaunchStoryboardName = LaunchScreen;
				INFOPLIST_KEY_UIMainStoryboardFile = LaunchScreen;
				INFOPLIST_KEY_UISupportedInterfaceOrientations = UIInterfaceOrientationPortrait;
				INFOPLIST_KEY_UISupportedInterfaceOrientations_iPad = "UIInterfaceOrientationPortrait UIInterfaceOrientationPortraitUpsideDown UIInterfaceOrientationLandscapeLeft UIInterfaceOrientationLandscapeRight";
				INFOPLIST_KEY_UISupportedInterfaceOrientations_iPhone = "UIInterfaceOrientationPortrait UIInterfaceOrientationLandscapeLeft UIInterfaceOrientationLandscapeRight";
				IPHONEOS_DEPLOYMENT_TARGET = 14.0;
				LD_RUNPATH_SEARCH_PATHS = (
					"$(inherited)",
					"@executable_path/Frameworks",
				);
				MARKETING_VERSION = 1.0;
				PRODUCT_BUNDLE_IDENTIFIER = com.ahmedAmin.Spotify;
				PRODUCT_NAME = "$(TARGET_NAME)";
				SWIFT_EMIT_LOC_STRINGS = YES;
				SWIFT_VERSION = 5.0;
				TARGETED_DEVICE_FAMILY = 1;
			};
			name = Debug;
		};
		53315CC62829C5E0006A58B1 /* Release */ = {
			isa = XCBuildConfiguration;
			baseConfigurationReference = 6F3DA6F48E78E5E8D3B94E50 /* Pods-Spotify.release.xcconfig */;
			buildSettings = {
				ASSETCATALOG_COMPILER_APPICON_NAME = AppIcon;
				ASSETCATALOG_COMPILER_GLOBAL_ACCENT_COLOR_NAME = AccentColor;
				CODE_SIGN_STYLE = Automatic;
				CURRENT_PROJECT_VERSION = 1;
				DEVELOPMENT_TEAM = CAZYY7RZVW;
				GENERATE_INFOPLIST_FILE = YES;
				INFOPLIST_FILE = Spotify/Info.plist;
				INFOPLIST_KEY_UIApplicationSupportsIndirectInputEvents = YES;
				INFOPLIST_KEY_UILaunchStoryboardName = LaunchScreen;
				INFOPLIST_KEY_UIMainStoryboardFile = LaunchScreen;
				INFOPLIST_KEY_UISupportedInterfaceOrientations = UIInterfaceOrientationPortrait;
				INFOPLIST_KEY_UISupportedInterfaceOrientations_iPad = "UIInterfaceOrientationPortrait UIInterfaceOrientationPortraitUpsideDown UIInterfaceOrientationLandscapeLeft UIInterfaceOrientationLandscapeRight";
				INFOPLIST_KEY_UISupportedInterfaceOrientations_iPhone = "UIInterfaceOrientationPortrait UIInterfaceOrientationLandscapeLeft UIInterfaceOrientationLandscapeRight";
				IPHONEOS_DEPLOYMENT_TARGET = 14.0;
				LD_RUNPATH_SEARCH_PATHS = (
					"$(inherited)",
					"@executable_path/Frameworks",
				);
				MARKETING_VERSION = 1.0;
				PRODUCT_BUNDLE_IDENTIFIER = com.ahmedAmin.Spotify;
				PRODUCT_NAME = "$(TARGET_NAME)";
				SWIFT_EMIT_LOC_STRINGS = YES;
				SWIFT_VERSION = 5.0;
				TARGETED_DEVICE_FAMILY = 1;
			};
			name = Release;
		};
/* End XCBuildConfiguration section */

/* Begin XCConfigurationList section */
		53315CAB2829C5DE006A58B1 /* Build configuration list for PBXProject "Spotify" */ = {
			isa = XCConfigurationList;
			buildConfigurations = (
				53315CC22829C5E0006A58B1 /* Debug */,
				53315CC32829C5E0006A58B1 /* Release */,
			);
			defaultConfigurationIsVisible = 0;
			defaultConfigurationName = Release;
		};
		53315CC42829C5E0006A58B1 /* Build configuration list for PBXNativeTarget "Spotify" */ = {
			isa = XCConfigurationList;
			buildConfigurations = (
				53315CC52829C5E0006A58B1 /* Debug */,
				53315CC62829C5E0006A58B1 /* Release */,
			);
			defaultConfigurationIsVisible = 0;
			defaultConfigurationName = Release;
		};
/* End XCConfigurationList section */
	};
	rootObject = 53315CA82829C5DE006A58B1 /* Project object */;
}
